
Microsoft Visual Studio Solution File, Format Version 12.00
# Visual Studio Version 17
VisualStudioVersion = 17.2.32630.192
MinimumVisualStudioVersion = 10.0.40219.1
Project("{9A19103F-16F7-4668-BE54-9A1E7A4F7556}") = "VariablesDemo1", "VariablesDemo1\VariablesDemo1.csproj", "{776878A5-D13E-49E3-A6BF-E447C6D08E07}"
EndProject
Project("{9A19103F-16F7-4668-BE54-9A1E7A4F7556}") = "pt2", "pt2\pt2.csproj", "{FB126292-28A0-4B7A-970E-5C59044857ED}"
EndProject
Project("{2150E333-8FDC-42A3-9474-1A3956D46DE8}") = "Solution Items", "Solution Items", "{F159885D-83B8-4DC1-A8DC-99DAB48A81FE}"
	ProjectSection(SolutionItems) = preProject
		.gitignore = .gitignore
	EndProjectSection
EndProject
Project("{FAE04EC0-301F-11D3-BF4B-00C04F79EFBC}") = "shapes", "shapes\shapes.csproj", "{7C9B5E73-68F8-4DE2-B5EC-BDE396DADB9E}"
EndProject
Global
	GlobalSection(SolutionConfigurationPlatforms) = preSolution
		Debug|Any CPU = Debug|Any CPU
		Release|Any CPU = Release|Any CPU
	EndGlobalSection
	GlobalSection(ProjectConfigurationPlatforms) = postSolution
		{776878A5-D13E-49E3-A6BF-E447C6D08E07}.Debug|Any CPU.ActiveCfg = Debug|Any CPU
		{776878A5-D13E-49E3-A6BF-E447C6D08E07}.Debug|Any CPU.Build.0 = Debug|Any CPU
		{776878A5-D13E-49E3-A6BF-E447C6D08E07}.Release|Any CPU.ActiveCfg = Release|Any CPU
		{776878A5-D13E-49E3-A6BF-E447C6D08E07}.Release|Any CPU.Build.0 = Release|Any CPU
		{FB126292-28A0-4B7A-970E-5C59044857ED}.Debug|Any CPU.ActiveCfg = Debug|Any CPU
		{FB126292-28A0-4B7A-970E-5C59044857ED}.Debug|Any CPU.Build.0 = Debug|Any CPU
		{FB126292-28A0-4B7A-970E-5C59044857ED}.Release|Any CPU.ActiveCfg = Release|Any CPU
		{FB126292-28A0-4B7A-970E-5C59044857ED}.Release|Any CPU.Build.0 = Release|Any CPU
		{7C9B5E73-68F8-4DE2-B5EC-BDE396DADB9E}.Debug|Any CPU.ActiveCfg = Debug|Any CPU
		{7C9B5E73-68F8-4DE2-B5EC-BDE396DADB9E}.Debug|Any CPU.Build.0 = Debug|Any CPU
		{7C9B5E73-68F8-4DE2-B5EC-BDE396DADB9E}.Release|Any CPU.ActiveCfg = Release|Any CPU
		{7C9B5E73-68F8-4DE2-B5EC-BDE396DADB9E}.Release|Any CPU.Build.0 = Release|Any CPU
	EndGlobalSection
	GlobalSection(SolutionProperties) = preSolution
		HideSolutionNode = FALSE
	EndGlobalSection
	GlobalSection(ExtensibilityGlobals) = postSolution
		SolutionGuid = {5A1D1223-4832-4BE9-A9C8-A0901CEE03B1}
	EndGlobalSection
EndGlobal
